
Microsoft Visual Studio Solution File, Format Version 12.00
# Visual Studio Version 17
VisualStudioVersion = 17.2.32630.192
MinimumVisualStudioVersion = 10.0.40219.1
Project("{FAE04EC0-301F-11D3-BF4B-00C04F79EFBC}") = "Constructor", "Constructor\Constructor.csproj", "{EFB96F8B-2C0F-4BCE-A3C6-196DB372E86B}"
EndProject
Global
	GlobalSection(SolutionConfigurationPlatforms) = preSolution
		Debug|Any CPU = Debug|Any CPU
		Release|Any CPU = Release|Any CPU
	EndGlobalSection
	GlobalSection(ProjectConfigurationPlatforms) = postSolution
		{EFB96F8B-2C0F-4BCE-A3C6-196DB372E86B}.Debug|Any CPU.ActiveCfg = Debug|Any CPU
		{EFB96F8B-2C0F-4BCE-A3C6-196DB372E86B}.Debug|Any CPU.Build.0 = Debug|Any CPU
		{EFB96F8B-2C0F-4BCE-A3C6-196DB372E86B}.Release|Any CPU.ActiveCfg = Release|Any CPU
		{EFB96F8B-2C0F-4BCE-A3C6-196DB372E86B}.Release|Any CPU.Build.0 = Release|Any CPU
	EndGlobalSection
	GlobalSection(SolutionProperties) = preSolution
		HideSolutionNode = FALSE
	EndGlobalSection
	GlobalSection(ExtensibilityGlobals) = postSolution
		SolutionGuid = {AD7F88E5-B398-40EC-A9C5-C74B4E9B750A}
	EndGlobalSection
EndGlobal
